// !$*UTF8*$!
{
	archiveVersion = 1;
	classes = {
	};
	objectVersion = 46;
	objects = {

/* Begin PBXBuildFile section */
		77B46BFC1A2BFE710057750C /* main.m in Sources */ = {isa = PBXBuildFile; fileRef = 77B46BFB1A2BFE710057750C /* main.m */; };
		77B46BFF1A2BFE710057750C /* AppDelegate.m in Sources */ = {isa = PBXBuildFile; fileRef = 77B46BFE1A2BFE710057750C /* AppDelegate.m */; };
		77B46C021A2BFE710057750C /* ViewController.m in Sources */ = {isa = PBXBuildFile; fileRef = 77B46C011A2BFE710057750C /* ViewController.m */; };
		77B46C051A2BFE710057750C /* Main.storyboard in Resources */ = {isa = PBXBuildFile; fileRef = 77B46C031A2BFE710057750C /* Main.storyboard */; };
		77B46C071A2BFE710057750C /* Images.xcassets in Resources */ = {isa = PBXBuildFile; fileRef = 77B46C061A2BFE710057750C /* Images.xcassets */; };
		77B46C0A1A2BFE710057750C /* LaunchScreen.xib in Resources */ = {isa = PBXBuildFile; fileRef = 77B46C081A2BFE710057750C /* LaunchScreen.xib */; };
		77B46C161A2BFE710057750C /* SZCalendarPickerTests.m in Sources */ = {isa = PBXBuildFile; fileRef = 77B46C151A2BFE710057750C /* SZCalendarPickerTests.m */; };
		77B46C2B1A2C06280057750C /* bt_next@2x.png in Resources */ = {isa = PBXBuildFile; fileRef = 77B46C261A2C06280057750C /* bt_next@2x.png */; };
		77B46C2C1A2C06280057750C /* bt_previous@2x.png in Resources */ = {isa = PBXBuildFile; fileRef = 77B46C271A2C06280057750C /* bt_previous@2x.png */; };
		77B46C2D1A2C06280057750C /* SZCalendarPicker.m in Sources */ = {isa = PBXBuildFile; fileRef = 77B46C291A2C06280057750C /* SZCalendarPicker.m */; };
		77B46C2E1A2C06280057750C /* SZCalendarPicker.xib in Resources */ = {isa = PBXBuildFile; fileRef = 77B46C2A1A2C06280057750C /* SZCalendarPicker.xib */; };
		77B46C311A2C07610057750C /* SZCalendarCell.m in Sources */ = {isa = PBXBuildFile; fileRef = 77B46C301A2C07610057750C /* SZCalendarCell.m */; };
		77B46C361A2C0FF40057750C /* UIColor+ZXLazy.m in Sources */ = {isa = PBXBuildFile; fileRef = 77B46C351A2C0FF40057750C /* UIColor+ZXLazy.m */; };
/* End PBXBuildFile section */

/* Begin PBXContainerItemProxy section */
		77B46C101A2BFE710057750C /* PBXContainerItemProxy */ = {
			isa = PBXContainerItemProxy;
			containerPortal = 77B46BEE1A2BFE710057750C /* Project object */;
			proxyType = 1;
			remoteGlobalIDString = 77B46BF51A2BFE710057750C;
			remoteInfo = SZCalendarPicker;
		};
/* End PBXContainerItemProxy section */

/* Begin PBXFileReference section */
		77B46BF61A2BFE710057750C /* SZCalendarPicker.app */ = {isa = PBXFileReference; explicitFileType = wrapper.application; includeInIndex = 0; path = SZCalendarPicker.app; sourceTree = BUILT_PRODUCTS_DIR; };
		77B46BFA1A2BFE710057750C /* Info.plist */ = {isa = PBXFileReference; lastKnownFileType = text.plist.xml; path = Info.plist; sourceTree = "<group>"; };
		77B46BFB1A2BFE710057750C /* main.m */ = {isa = PBXFileReference; lastKnownFileType = sourcecode.c.objc; path = main.m; sourceTree = "<group>"; };
		77B46BFD1A2BFE710057750C /* AppDelegate.h */ = {isa = PBXFileReference; lastKnownFileType = sourcecode.c.h; path = AppDelegate.h; sourceTree = "<group>"; };
		77B46BFE1A2BFE710057750C /* AppDelegate.m */ = {isa = PBXFileReference; lastKnownFileType = sourcecode.c.objc; path = AppDelegate.m; sourceTree = "<group>"; };
		77B46C001A2BFE710057750C /* ViewController.h */ = {isa = PBXFileReference; lastKnownFileType = sourcecode.c.h; path = ViewController.h; sourceTree = "<group>"; };
		77B46C011A2BFE710057750C /* ViewController.m */ = {isa = PBXFileReference; lastKnownFileType = sourcecode.c.objc; path = ViewController.m; sourceTree = "<group>"; };
		77B46C041A2BFE710057750C /* Base */ = {isa = PBXFileReference; lastKnownFileType = file.storyboard; name = Base; path = Base.lproj/Main.storyboard; sourceTree = "<group>"; };
		77B46C061A2BFE710057750C /* Images.xcassets */ = {isa = PBXFileReference; lastKnownFileType = folder.assetcatalog; path = Images.xcassets; sourceTree = "<group>"; };
		77B46C091A2BFE710057750C /* Base */ = {isa = PBXFileReference; lastKnownFileType = file.xib; name = Base; path = Base.lproj/LaunchScreen.xib; sourceTree = "<group>"; };
		77B46C0F1A2BFE710057750C /* SZCalendarPickerTests.xctest */ = {isa = PBXFileReference; explicitFileType = wrapper.cfbundle; includeInIndex = 0; path = SZCalendarPickerTests.xctest; sourceTree = BUILT_PRODUCTS_DIR; };
		77B46C141A2BFE710057750C /* Info.plist */ = {isa = PBXFileReference; lastKnownFileType = text.plist.xml; path = Info.plist; sourceTree = "<group>"; };
		77B46C151A2BFE710057750C /* SZCalendarPickerTests.m */ = {isa = PBXFileReference; lastKnownFileType = sourcecode.c.objc; path = SZCalendarPickerTests.m; sourceTree = "<group>"; };
		77B46C261A2C06280057750C /* bt_next@2x.png */ = {isa = PBXFileReference; lastKnownFileType = image.png; path = "bt_next@2x.png"; sourceTree = "<group>"; };
		77B46C271A2C06280057750C /* bt_previous@2x.png */ = {isa = PBXFileReference; lastKnownFileType = image.png; path = "bt_previous@2x.png"; sourceTree = "<group>"; };
		77B46C281A2C06280057750C /* SZCalendarPicker.h */ = {isa = PBXFileReference; fileEncoding = 4; lastKnownFileType = sourcecode.c.h; path = SZCalendarPicker.h; sourceTree = "<group>"; };
		77B46C291A2C06280057750C /* SZCalendarPicker.m */ = {isa = PBXFileReference; fileEncoding = 4; lastKnownFileType = sourcecode.c.objc; path = SZCalendarPicker.m; sourceTree = "<group>"; };
		77B46C2A1A2C06280057750C /* SZCalendarPicker.xib */ = {isa = PBXFileReference; fileEncoding = 4; lastKnownFileType = file.xib; path = SZCalendarPicker.xib; sourceTree = "<group>"; };
		77B46C2F1A2C07610057750C /* SZCalendarCell.h */ = {isa = PBXFileReference; fileEncoding = 4; lastKnownFileType = sourcecode.c.h; path = SZCalendarCell.h; sourceTree = "<group>"; };
		77B46C301A2C07610057750C /* SZCalendarCell.m */ = {isa = PBXFileReference; fileEncoding = 4; lastKnownFileType = sourcecode.c.objc; path = SZCalendarCell.m; sourceTree = "<group>"; };
		77B46C341A2C0FF40057750C /* UIColor+ZXLazy.h */ = {isa = PBXFileReference; fileEncoding = 4; lastKnownFileType = sourcecode.c.h; path = "UIColor+ZXLazy.h"; sourceTree = "<group>"; };
		77B46C351A2C0FF40057750C /* UIColor+ZXLazy.m */ = {isa = PBXFileReference; fileEncoding = 4; lastKnownFileType = sourcecode.c.objc; path = "UIColor+ZXLazy.m"; sourceTree = "<group>"; };
/* End PBXFileReference section */

/* Begin PBXFrameworksBuildPhase section */
		77B46BF31A2BFE710057750C /* Frameworks */ = {
			isa = PBXFrameworksBuildPhase;
			buildActionMask = 2147483647;
			files = (
			);
			runOnlyForDeploymentPostprocessing = 0;
		};
		77B46C0C1A2BFE710057750C /* Frameworks */ = {
			isa = PBXFrameworksBuildPhase;
			buildActionMask = 2147483647;
			files = (
			);
			runOnlyForDeploymentPostprocessing = 0;
		};
/* End PBXFrameworksBuildPhase section */

/* Begin PBXGroup section */
		77B46BED1A2BFE710057750C = {
			isa = PBXGroup;
			children = (
				77B46BF81A2BFE710057750C /* SZCalendarPicker */,
				77B46C121A2BFE710057750C /* SZCalendarPickerTests */,
				77B46BF71A2BFE710057750C /* Products */,
			);
			sourceTree = "<group>";
		};
		77B46BF71A2BFE710057750C /* Products */ = {
			isa = PBXGroup;
			children = (
				77B46BF61A2BFE710057750C /* SZCalendarPicker.app */,
				77B46C0F1A2BFE710057750C /* SZCalendarPickerTests.xctest */,
			);
			name = Products;
			sourceTree = "<group>";
		};
		77B46BF81A2BFE710057750C /* SZCalendarPicker */ = {
			isa = PBXGroup;
			children = (
				77B46C241A2C06280057750C /* Class */,
				77B46BFD1A2BFE710057750C /* AppDelegate.h */,
				77B46BFE1A2BFE710057750C /* AppDelegate.m */,
				77B46C001A2BFE710057750C /* ViewController.h */,
				77B46C011A2BFE710057750C /* ViewController.m */,
				77B46C031A2BFE710057750C /* Main.storyboard */,
				77B46C061A2BFE710057750C /* Images.xcassets */,
				77B46C081A2BFE710057750C /* LaunchScreen.xib */,
				77B46BF91A2BFE710057750C /* Supporting Files */,
			);
			path = SZCalendarPicker;
			sourceTree = "<group>";
		};
		77B46BF91A2BFE710057750C /* Supporting Files */ = {
			isa = PBXGroup;
			children = (
				77B46BFA1A2BFE710057750C /* Info.plist */,
				77B46BFB1A2BFE710057750C /* main.m */,
			);
			name = "Supporting Files";
			sourceTree = "<group>";
		};
		77B46C121A2BFE710057750C /* SZCalendarPickerTests */ = {
			isa = PBXGroup;
			children = (
				77B46C151A2BFE710057750C /* SZCalendarPickerTests.m */,
				77B46C131A2BFE710057750C /* Supporting Files */,
			);
			path = SZCalendarPickerTests;
			sourceTree = "<group>";
		};
		77B46C131A2BFE710057750C /* Supporting Files */ = {
			isa = PBXGroup;
			children = (
				77B46C141A2BFE710057750C /* Info.plist */,
			);
			name = "Supporting Files";
			sourceTree = "<group>";
		};
		77B46C241A2C06280057750C /* Class */ = {
			isa = PBXGroup;
			children = (
				77B46C341A2C0FF40057750C /* UIColor+ZXLazy.h */,
				77B46C351A2C0FF40057750C /* UIColor+ZXLazy.m */,
				77B46C251A2C06280057750C /* Resource */,
				77B46C281A2C06280057750C /* SZCalendarPicker.h */,
				77B46C291A2C06280057750C /* SZCalendarPicker.m */,
				77B46C2A1A2C06280057750C /* SZCalendarPicker.xib */,
				77B46C2F1A2C07610057750C /* SZCalendarCell.h */,
				77B46C301A2C07610057750C /* SZCalendarCell.m */,
			);
			path = Class;
			sourceTree = "<group>";
		};
		77B46C251A2C06280057750C /* Resource */ = {
			isa = PBXGroup;
			children = (
				77B46C261A2C06280057750C /* bt_next@2x.png */,
				77B46C271A2C06280057750C /* bt_previous@2x.png */,
			);
			path = Resource;
			sourceTree = "<group>";
		};
/* End PBXGroup section */

/* Begin PBXNativeTarget section */
		77B46BF51A2BFE710057750C /* SZCalendarPicker */ = {
			isa = PBXNativeTarget;
			buildConfigurationList = 77B46C191A2BFE710057750C /* Build configuration list for PBXNativeTarget "SZCalendarPicker" */;
			buildPhases = (
				77B46BF21A2BFE710057750C /* Sources */,
				77B46BF31A2BFE710057750C /* Frameworks */,
				77B46BF41A2BFE710057750C /* Resources */,
			);
			buildRules = (
			);
			dependencies = (
			);
			name = SZCalendarPicker;
			productName = SZCalendarPicker;
			productReference = 77B46BF61A2BFE710057750C /* SZCalendarPicker.app */;
			productType = "com.apple.product-type.application";
		};
		77B46C0E1A2BFE710057750C /* SZCalendarPickerTests */ = {
			isa = PBXNativeTarget;
			buildConfigurationList = 77B46C1C1A2BFE710057750C /* Build configuration list for PBXNativeTarget "SZCalendarPickerTests" */;
			buildPhases = (
				77B46C0B1A2BFE710057750C /* Sources */,
				77B46C0C1A2BFE710057750C /* Frameworks */,
				77B46C0D1A2BFE710057750C /* Resources */,
			);
			buildRules = (
			);
			dependencies = (
				77B46C111A2BFE710057750C /* PBXTargetDependency */,
			);
			name = SZCalendarPickerTests;
			productName = SZCalendarPickerTests;
			productReference = 77B46C0F1A2BFE710057750C /* SZCalendarPickerTests.xctest */;
			productType = "com.apple.product-type.bundle.unit-test";
		};
/* End PBXNativeTarget section */

/* Begin PBXProject section */
		77B46BEE1A2BFE710057750C /* Project object */ = {
			isa = PBXProject;
			attributes = {
				LastUpgradeCheck = 0610;
				ORGANIZATIONNAME = "Stephen Zhuang";
				TargetAttributes = {
					77B46BF51A2BFE710057750C = {
						CreatedOnToolsVersion = 6.1;
					};
					77B46C0E1A2BFE710057750C = {
						CreatedOnToolsVersion = 6.1;
						TestTargetID = 77B46BF51A2BFE710057750C;
					};
				};
			};
			buildConfigurationList = 77B46BF11A2BFE710057750C /* Build configuration list for PBXProject "SZCalendarPicker" */;
			compatibilityVersion = "Xcode 3.2";
			developmentRegion = English;
			hasScannedForEncodings = 0;
			knownRegions = (
				en,
				Base,
			);
			mainGroup = 77B46BED1A2BFE710057750C;
			productRefGroup = 77B46BF71A2BFE710057750C /* Products */;
			projectDirPath = "";
			projectRoot = "";
			targets = (
				77B46BF51A2BFE710057750C /* SZCalendarPicker */,
				77B46C0E1A2BFE710057750C /* SZCalendarPickerTests */,
			);
		};
/* End PBXProject section */

/* Begin PBXResourcesBuildPhase section */
		77B46BF41A2BFE710057750C /* Resources */ = {
			isa = PBXResourcesBuildPhase;
			buildActionMask = 2147483647;
			files = (
				77B46C2C1A2C06280057750C /* bt_previous@2x.png in Resources */,
				77B46C051A2BFE710057750C /* Main.storyboard in Resources */,
				77B46C0A1A2BFE710057750C /* LaunchScreen.xib in Resources */,
				77B46C071A2BFE710057750C /* Images.xcassets in Resources */,
				77B46C2E1A2C06280057750C /* SZCalendarPicker.xib in Resources */,
				77B46C2B1A2C06280057750C /* bt_next@2x.png in Resources */,
			);
			runOnlyForDeploymentPostprocessing = 0;
		};
		77B46C0D1A2BFE710057750C /* Resources */ = {
			isa = PBXResourcesBuildPhase;
			buildActionMask = 2147483647;
			files = (
			);
			runOnlyForDeploymentPostprocessing = 0;
		};
/* End PBXResourcesBuildPhase section */

/* Begin PBXSourcesBuildPhase section */
		77B46BF21A2BFE710057750C /* Sources */ = {
			isa = PBXSourcesBuildPhase;
			buildActionMask = 2147483647;
			files = (
				77B46C311A2C07610057750C /* SZCalendarCell.m in Sources */,
				77B46C021A2BFE710057750C /* ViewController.m in Sources */,
				77B46BFF1A2BFE710057750C /* AppDelegate.m in Sources */,
				77B46C361A2C0FF40057750C /* UIColor+ZXLazy.m in Sources */,
				77B46C2D1A2C06280057750C /* SZCalendarPicker.m in Sources */,
				77B46BFC1A2BFE710057750C /* main.m in Sources */,
			);
			runOnlyForDeploymentPostprocessing = 0;
		};
		77B46C0B1A2BFE710057750C /* Sources */ = {
			isa = PBXSourcesBuildPhase;
			buildActionMask = 2147483647;
			files = (
				77B46C161A2BFE710057750C /* SZCalendarPickerTests.m in Sources */,
			);
			runOnlyForDeploymentPostprocessing = 0;
		};
/* End PBXSourcesBuildPhase section */

/* Begin PBXTargetDependency section */
		77B46C111A2BFE710057750C /* PBXTargetDependency */ = {
			isa = PBXTargetDependency;
			target = 77B46BF51A2BFE710057750C /* SZCalendarPicker */;
			targetProxy = 77B46C101A2BFE710057750C /* PBXContainerItemProxy */;
		};
/* End PBXTargetDependency section */

/* Begin PBXVariantGroup section */
		77B46C031A2BFE710057750C /* Main.storyboard */ = {
			isa = PBXVariantGroup;
			children = (
				77B46C041A2BFE710057750C /* Base */,
			);
			name = Main.storyboard;
			sourceTree = "<group>";
		};
		77B46C081A2BFE710057750C /* LaunchScreen.xib */ = {
			isa = PBXVariantGroup;
			children = (
				77B46C091A2BFE710057750C /* Base */,
			);
			name = LaunchScreen.xib;
			sourceTree = "<group>";
		};
/* End PBXVariantGroup section */

/* Begin XCBuildConfiguration section */
		77B46C171A2BFE710057750C /* Debug */ = {
			isa = XCBuildConfiguration;
			buildSettings = {
				ALWAYS_SEARCH_USER_PATHS = NO;
				CLANG_CXX_LANGUAGE_STANDARD = "gnu++0x";
				CLANG_CXX_LIBRARY = "libc++";
				CLANG_ENABLE_MODULES = YES;
				CLANG_ENABLE_OBJC_ARC = YES;
				CLANG_WARN_BOOL_CONVERSION = YES;
				CLANG_WARN_CONSTANT_CONVERSION = YES;
				CLANG_WARN_DIRECT_OBJC_ISA_USAGE = YES_ERROR;
				CLANG_WARN_EMPTY_BODY = YES;
				CLANG_WARN_ENUM_CONVERSION = YES;
				CLANG_WARN_INT_CONVERSION = YES;
				CLANG_WARN_OBJC_ROOT_CLASS = YES_ERROR;
				CLANG_WARN_UNREACHABLE_CODE = YES;
				CLANG_WARN__DUPLICATE_METHOD_MATCH = YES;
				"CODE_SIGN_IDENTITY[sdk=iphoneos*]" = "iPhone Developer";
				COPY_PHASE_STRIP = NO;
				ENABLE_STRICT_OBJC_MSGSEND = YES;
				GCC_C_LANGUAGE_STANDARD = gnu99;
				GCC_DYNAMIC_NO_PIC = NO;
				GCC_OPTIMIZATION_LEVEL = 0;
				GCC_PREPROCESSOR_DEFINITIONS = (
					"DEBUG=1",
					"$(inherited)",
				);
				GCC_SYMBOLS_PRIVATE_EXTERN = NO;
				GCC_WARN_64_TO_32_BIT_CONVERSION = YES;
				GCC_WARN_ABOUT_RETURN_TYPE = YES_ERROR;
				GCC_WARN_UNDECLARED_SELECTOR = YES;
				GCC_WARN_UNINITIALIZED_AUTOS = YES_AGGRESSIVE;
				GCC_WARN_UNUSED_FUNCTION = YES;
				GCC_WARN_UNUSED_VARIABLE = YES;
				IPHONEOS_DEPLOYMENT_TARGET = 8.1;
				MTL_ENABLE_DEBUG_INFO = YES;
				ONLY_ACTIVE_ARCH = YES;
				SDKROOT = iphoneos;
			};
			name = Debug;
		};
		77B46C181A2BFE710057750C /* Release */ = {
			isa = XCBuildConfiguration;
			buildSettings = {
				ALWAYS_SEARCH_USER_PATHS = NO;
				CLANG_CXX_LANGUAGE_STANDARD = "gnu++0x";
				CLANG_CXX_LIBRARY = "libc++";
				CLANG_ENABLE_MODULES = YES;
				CLANG_ENABLE_OBJC_ARC = YES;
				CLANG_WARN_BOOL_CONVERSION = YES;
				CLANG_WARN_CONSTANT_CONVERSION = YES;
				CLANG_WARN_DIRECT_OBJC_ISA_USAGE = YES_ERROR;
				CLANG_WARN_EMPTY_BODY = YES;
				CLANG_WARN_ENUM_CONVERSION = YES;
				CLANG_WARN_INT_CONVERSION = YES;
				CLANG_WARN_OBJC_ROOT_CLASS = YES_ERROR;
				CLANG_WARN_UNREACHABLE_CODE = YES;
				CLANG_WARN__DUPLICATE_METHOD_MATCH = YES;
				"CODE_SIGN_IDENTITY[sdk=iphoneos*]" = "iPhone Developer";
				COPY_PHASE_STRIP = YES;
				ENABLE_NS_ASSERTIONS = NO;
				ENABLE_STRICT_OBJC_MSGSEND = YES;
				GCC_C_LANGUAGE_STANDARD = gnu99;
				GCC_WARN_64_TO_32_BIT_CONVERSION = YES;
				GCC_WARN_ABOUT_RETURN_TYPE = YES_ERROR;
				GCC_WARN_UNDECLARED_SELECTOR = YES;
				GCC_WARN_UNINITIALIZED_AUTOS = YES_AGGRESSIVE;
				GCC_WARN_UNUSED_FUNCTION = YES;
				GCC_WARN_UNUSED_VARIABLE = YES;
				IPHONEOS_DEPLOYMENT_TARGET = 8.1;
				MTL_ENABLE_DEBUG_INFO = NO;
				SDKROOT = iphoneos;
				VALIDATE_PRODUCT = YES;
			};
			name = Release;
		};
		77B46C1A1A2BFE710057750C /* Debug */ = {
			isa = XCBuildConfiguration;
			buildSettings = {
				ASSETCATALOG_COMPILER_APPICON_NAME = AppIcon;
				INFOPLIST_FILE = SZCalendarPicker/Info.plist;
				LD_RUNPATH_SEARCH_PATHS = "$(inherited) @executable_path/Frameworks";
				PRODUCT_NAME = "$(TARGET_NAME)";
			};
			name = Debug;
		};
		77B46C1B1A2BFE710057750C /* Release */ = {
			isa = XCBuildConfiguration;
			buildSettings = {
				ASSETCATALOG_COMPILER_APPICON_NAME = AppIcon;
				INFOPLIST_FILE = SZCalendarPicker/Info.plist;
				LD_RUNPATH_SEARCH_PATHS = "$(inherited) @executable_path/Frameworks";
				PRODUCT_NAME = "$(TARGET_NAME)";
			};
			name = Release;
		};
		77B46C1D1A2BFE710057750C /* Debug */ = {
			isa = XCBuildConfiguration;
			buildSettings = {
				BUNDLE_LOADER = "$(TEST_HOST)";
				FRAMEWORK_SEARCH_PATHS = (
					"$(SDKROOT)/Developer/Library/Frameworks",
					"$(inherited)",
				);
				GCC_PREPROCESSOR_DEFINITIONS = (
					"DEBUG=1",
					"$(inherited)",
				);
				INFOPLIST_FILE = SZCalendarPickerTests/Info.plist;
				LD_RUNPATH_SEARCH_PATHS = "$(inherited) @executable_path/Frameworks @loader_path/Frameworks";
				PRODUCT_NAME = "$(TARGET_NAME)";
				TEST_HOST = "$(BUILT_PRODUCTS_DIR)/SZCalendarPicker.app/SZCalendarPicker";
			};
			name = Debug;
		};
		77B46C1E1A2BFE710057750C /* Release */ = {
			isa = XCBuildConfiguration;
			buildSettings = {
				BUNDLE_LOADER = "$(TEST_HOST)";
				FRAMEWORK_SEARCH_PATHS = (
					"$(SDKROOT)/Developer/Library/Frameworks",
					"$(inherited)",
				);
				INFOPLIST_FILE = SZCalendarPickerTests/Info.plist;
				LD_RUNPATH_SEARCH_PATHS = "$(inherited) @executable_path/Frameworks @loader_path/Frameworks";
				PRODUCT_NAME = "$(TARGET_NAME)";
				TEST_HOST = "$(BUILT_PRODUCTS_DIR)/SZCalendarPicker.app/SZCalendarPicker";
			};
			name = Release;
		};
/* End XCBuildConfiguration section */

/* Begin XCConfigurationList section */
		77B46BF11A2BFE710057750C /* Build configuration list for PBXProject "SZCalendarPicker" */ = {
			isa = XCConfigurationList;
			buildConfigurations = (
				77B46C171A2BFE710057750C /* Debug */,
				77B46C181A2BFE710057750C /* Release */,
			);
			defaultConfigurationIsVisible = 0;
			defaultConfigurationName = Release;
		};
		77B46C191A2BFE710057750C /* Build configuration list for PBXNativeTarget "SZCalendarPicker" */ = {
			isa = XCConfigurationList;
			buildConfigurations = (
				77B46C1A1A2BFE710057750C /* Debug */,
				77B46C1B1A2BFE710057750C /* Release */,
			);
			defaultConfigurationIsVisible = 0;
			defaultConfigurationName = Release;
		};
		77B46C1C1A2BFE710057750C /* Build configuration list for PBXNativeTarget "SZCalendarPickerTests" */ = {
			isa = XCConfigurationList;
			buildConfigurations = (
				77B46C1D1A2BFE710057750C /* Debug */,
				77B46C1E1A2BFE710057750C /* Release */,
			);
			defaultConfigurationIsVisible = 0;
			defaultConfigurationName = Release;
		};
/* End XCConfigurationList section */
	};
	rootObject = 77B46BEE1A2BFE710057750C /* Project object */;
}
